// !$*UTF8*$!
{
	archiveVersion = 1;
	classes = {
	};
	objectVersion = 56;
	objects = {

/* Begin PBXBuildFile section */
		4D125E592AF11DCB0033C9B6 /* loginView.swift in Sources */ = {isa = PBXBuildFile; fileRef = 4D125E582AF11DCB0033C9B6 /* loginView.swift */; };
		4D125E5B2AF11DE60033C9B6 /* signinView.swift in Sources */ = {isa = PBXBuildFile; fileRef = 4D125E5A2AF11DE60033C9B6 /* signinView.swift */; };
		4D19DDEC2AE242AC004CFA2F /* todayweatherone.swift in Sources */ = {isa = PBXBuildFile; fileRef = 4D19DDEB2AE242AC004CFA2F /* todayweatherone.swift */; };
		4D19DDEF2AE2435E004CFA2F /* weekweatherone.swift in Sources */ = {isa = PBXBuildFile; fileRef = 4D19DDEE2AE2435E004CFA2F /* weekweatherone.swift */; };
		4D3471452ADE773600EBB709 /* HomeView.swift in Sources */ = {isa = PBXBuildFile; fileRef = 4D3471442ADE773600EBB709 /* HomeView.swift */; };
		4D3471492ADE9CE000EBB709 /* Weather View.swift in Sources */ = {isa = PBXBuildFile; fileRef = 4D3471482ADE9CE000EBB709 /* Weather View.swift */; };
		4D34714D2ADEA5CD00EBB709 /* gpsweatherView.swift in Sources */ = {isa = PBXBuildFile; fileRef = 4D34714C2ADEA5CD00EBB709 /* gpsweatherView.swift */; };
		4D3471502ADEA62F00EBB709 /* searchView.swift in Sources */ = {isa = PBXBuildFile; fileRef = 4D34714F2ADEA62F00EBB709 /* searchView.swift */; };
		4D3471542ADEA73700EBB709 /* todayweatherView.swift in Sources */ = {isa = PBXBuildFile; fileRef = 4D3471532ADEA73700EBB709 /* todayweatherView.swift */; };
		4D3471562ADEAB0400EBB709 /* weekweatherView.swift in Sources */ = {isa = PBXBuildFile; fileRef = 4D3471552ADEAB0400EBB709 /* weekweatherView.swift */; };
		4D4459612AF0EB9A0050F3E2 /* ActivityView.swift in Sources */ = {isa = PBXBuildFile; fileRef = 4D4459602AF0EB9A0050F3E2 /* ActivityView.swift */; };
		4D4459632AF0EBA30050F3E2 /* HealingView.swift in Sources */ = {isa = PBXBuildFile; fileRef = 4D4459622AF0EBA30050F3E2 /* HealingView.swift */; };
		4D4459652AF0EBB00050F3E2 /* LowmoneyView.swift in Sources */ = {isa = PBXBuildFile; fileRef = 4D4459642AF0EBB00050F3E2 /* LowmoneyView.swift */; };
		4D4459672AF0EBBF0050F3E2 /* PhotozoneView.swift in Sources */ = {isa = PBXBuildFile; fileRef = 4D4459662AF0EBBF0050F3E2 /* PhotozoneView.swift */; };
		4D44596A2AF112FC0050F3E2 /* Alamofire in Frameworks */ = {isa = PBXBuildFile; productRef = 4D4459692AF112FC0050F3E2 /* Alamofire */; };
		4D644B7A2ADE731900C71CA8 /* stayApp.swift in Sources */ = {isa = PBXBuildFile; fileRef = 4D644B792ADE731900C71CA8 /* stayApp.swift */; };
		4D644B7C2ADE731900C71CA8 /* ContentView.swift in Sources */ = {isa = PBXBuildFile; fileRef = 4D644B7B2ADE731900C71CA8 /* ContentView.swift */; };
		4D644B7E2ADE731900C71CA8 /* Assets.xcassets in Resources */ = {isa = PBXBuildFile; fileRef = 4D644B7D2ADE731900C71CA8 /* Assets.xcassets */; };
		4D644B812ADE731900C71CA8 /* Preview Assets.xcassets in Resources */ = {isa = PBXBuildFile; fileRef = 4D644B802ADE731900C71CA8 /* Preview Assets.xcassets */; };
		4D9729502AE7B71700054802 /* MypageView.swift in Sources */ = {isa = PBXBuildFile; fileRef = 4D97294F2AE7B71700054802 /* MypageView.swift */; };
		4D9729532AE7B74E00054802 /* TravelcourseView.swift in Sources */ = {isa = PBXBuildFile; fileRef = 4D9729522AE7B74E00054802 /* TravelcourseView.swift */; };
		4D9DB9562AF771290065FCE2 /* MainPamphlet.swift in Sources */ = {isa = PBXBuildFile; fileRef = 4D9DB9552AF771290065FCE2 /* MainPamphlet.swift */; };
		4DF8D3F62AE7BD4500ABD4C0 /* CountrySecView.swift in Sources */ = {isa = PBXBuildFile; fileRef = 4DF8D3F52AE7BD4500ABD4C0 /* CountrySecView.swift */; };
/* End PBXBuildFile section */

/* Begin PBXFileReference section */
		4D125E582AF11DCB0033C9B6 /* loginView.swift */ = {isa = PBXFileReference; lastKnownFileType = sourcecode.swift; path = loginView.swift; sourceTree = "<group>"; };
		4D125E5A2AF11DE60033C9B6 /* signinView.swift */ = {isa = PBXFileReference; lastKnownFileType = sourcecode.swift; path = signinView.swift; sourceTree = "<group>"; };
		4D19DDEB2AE242AC004CFA2F /* todayweatherone.swift */ = {isa = PBXFileReference; lastKnownFileType = sourcecode.swift; path = todayweatherone.swift; sourceTree = "<group>"; };
		4D19DDEE2AE2435E004CFA2F /* weekweatherone.swift */ = {isa = PBXFileReference; lastKnownFileType = sourcecode.swift; path = weekweatherone.swift; sourceTree = "<group>"; };
		4D3471442ADE773600EBB709 /* HomeView.swift */ = {isa = PBXFileReference; lastKnownFileType = sourcecode.swift; path = HomeView.swift; sourceTree = "<group>"; };
		4D3471482ADE9CE000EBB709 /* Weather View.swift */ = {isa = PBXFileReference; lastKnownFileType = sourcecode.swift; path = "Weather View.swift"; sourceTree = "<group>"; };
		4D34714C2ADEA5CD00EBB709 /* gpsweatherView.swift */ = {isa = PBXFileReference; lastKnownFileType = sourcecode.swift; path = gpsweatherView.swift; sourceTree = "<group>"; };
		4D34714F2ADEA62F00EBB709 /* searchView.swift */ = {isa = PBXFileReference; lastKnownFileType = sourcecode.swift; path = searchView.swift; sourceTree = "<group>"; };
		4D3471532ADEA73700EBB709 /* todayweatherView.swift */ = {isa = PBXFileReference; lastKnownFileType = sourcecode.swift; path = todayweatherView.swift; sourceTree = "<group>"; };
		4D3471552ADEAB0400EBB709 /* weekweatherView.swift */ = {isa = PBXFileReference; lastKnownFileType = sourcecode.swift; path = weekweatherView.swift; sourceTree = "<group>"; };
		4D4459602AF0EB9A0050F3E2 /* ActivityView.swift */ = {isa = PBXFileReference; lastKnownFileType = sourcecode.swift; path = ActivityView.swift; sourceTree = "<group>"; };
		4D4459622AF0EBA30050F3E2 /* HealingView.swift */ = {isa = PBXFileReference; lastKnownFileType = sourcecode.swift; path = HealingView.swift; sourceTree = "<group>"; };
		4D4459642AF0EBB00050F3E2 /* LowmoneyView.swift */ = {isa = PBXFileReference; lastKnownFileType = sourcecode.swift; path = LowmoneyView.swift; sourceTree = "<group>"; };
		4D4459662AF0EBBF0050F3E2 /* PhotozoneView.swift */ = {isa = PBXFileReference; lastKnownFileType = sourcecode.swift; path = PhotozoneView.swift; sourceTree = "<group>"; };
		4D644B762ADE731900C71CA8 /* stay.app */ = {isa = PBXFileReference; explicitFileType = wrapper.application; includeInIndex = 0; path = stay.app; sourceTree = BUILT_PRODUCTS_DIR; };
		4D644B792ADE731900C71CA8 /* stayApp.swift */ = {isa = PBXFileReference; lastKnownFileType = sourcecode.swift; path = stayApp.swift; sourceTree = "<group>"; };
		4D644B7B2ADE731900C71CA8 /* ContentView.swift */ = {isa = PBXFileReference; lastKnownFileType = sourcecode.swift; path = ContentView.swift; sourceTree = "<group>"; };
		4D644B7D2ADE731900C71CA8 /* Assets.xcassets */ = {isa = PBXFileReference; lastKnownFileType = folder.assetcatalog; path = Assets.xcassets; sourceTree = "<group>"; };
		4D644B802ADE731900C71CA8 /* Preview Assets.xcassets */ = {isa = PBXFileReference; lastKnownFileType = folder.assetcatalog; path = "Preview Assets.xcassets"; sourceTree = "<group>"; };
		4D97294F2AE7B71700054802 /* MypageView.swift */ = {isa = PBXFileReference; lastKnownFileType = sourcecode.swift; path = MypageView.swift; sourceTree = "<group>"; };
		4D9729522AE7B74E00054802 /* TravelcourseView.swift */ = {isa = PBXFileReference; lastKnownFileType = sourcecode.swift; path = TravelcourseView.swift; sourceTree = "<group>"; };
		4D9DB9552AF771290065FCE2 /* MainPamphlet.swift */ = {isa = PBXFileReference; lastKnownFileType = sourcecode.swift; path = MainPamphlet.swift; sourceTree = "<group>"; };
		4DF8D3F52AE7BD4500ABD4C0 /* CountrySecView.swift */ = {isa = PBXFileReference; lastKnownFileType = sourcecode.swift; path = CountrySecView.swift; sourceTree = "<group>"; };
/* End PBXFileReference section */

/* Begin PBXFrameworksBuildPhase section */
		4D644B732ADE731800C71CA8 /* Frameworks */ = {
			isa = PBXFrameworksBuildPhase;
			buildActionMask = 2147483647;
			files = (
				4D44596A2AF112FC0050F3E2 /* Alamofire in Frameworks */,
			);
			runOnlyForDeploymentPostprocessing = 0;
		};
/* End PBXFrameworksBuildPhase section */

/* Begin PBXGroup section */
		4D125E572AF11DB70033C9B6 /* login */ = {
			isa = PBXGroup;
			children = (
				4D125E582AF11DCB0033C9B6 /* loginView.swift */,
				4D125E5A2AF11DE60033C9B6 /* signinView.swift */,
			);
			path = login;
			sourceTree = "<group>";
		};
		4D19DDEA2AE2428F004CFA2F /* todayweather */ = {
			isa = PBXGroup;
			children = (
				4D3471532ADEA73700EBB709 /* todayweatherView.swift */,
				4D19DDEB2AE242AC004CFA2F /* todayweatherone.swift */,
			);
			path = todayweather;
			sourceTree = "<group>";
		};
		4D19DDED2AE24342004CFA2F /* weekweather */ = {
			isa = PBXGroup;
			children = (
				4D3471552ADEAB0400EBB709 /* weekweatherView.swift */,
				4D19DDEE2AE2435E004CFA2F /* weekweatherone.swift */,
			);
			path = weekweather;
			sourceTree = "<group>";
		};
		4D34714E2ADEA5D400EBB709 /* Weather */ = {
			isa = PBXGroup;
			children = (
				4D3471482ADE9CE000EBB709 /* Weather View.swift */,
				4D34714C2ADEA5CD00EBB709 /* gpsweatherView.swift */,
				4D19DDEA2AE2428F004CFA2F /* todayweather */,
				4D19DDED2AE24342004CFA2F /* weekweather */,
			);
			path = Weather;
			sourceTree = "<group>";
		};
		4D644B6D2ADE731800C71CA8 = {
			isa = PBXGroup;
			children = (
				4D644B782ADE731900C71CA8 /* stay */,
				4D644B772ADE731900C71CA8 /* Products */,
			);
			sourceTree = "<group>";
		};
		4D644B772ADE731900C71CA8 /* Products */ = {
			isa = PBXGroup;
			children = (
				4D644B762ADE731900C71CA8 /* stay.app */,
			);
			name = Products;
			sourceTree = "<group>";
		};
		4D644B782ADE731900C71CA8 /* stay */ = {
			isa = PBXGroup;
			children = (
				4D644B792ADE731900C71CA8 /* stayApp.swift */,
				4D644B7B2ADE731900C71CA8 /* ContentView.swift */,
				4D34714F2ADEA62F00EBB709 /* searchView.swift */,
				4D9729512AE7B72700054802 /* Travelcourse */,
				4D97294E2AE7B70A00054802 /* My */,
				4D97294B2AE7B6C900054802 /* Main */,
				4D34714E2ADEA5D400EBB709 /* Weather */,
				4D644B7D2ADE731900C71CA8 /* Assets.xcassets */,
				4D644B7F2ADE731900C71CA8 /* Preview Content */,
			);
			path = stay;
			sourceTree = "<group>";
		};
		4D644B7F2ADE731900C71CA8 /* Preview Content */ = {
			isa = PBXGroup;
			children = (
				4D644B802ADE731900C71CA8 /* Preview Assets.xcassets */,
			);
			path = "Preview Content";
			sourceTree = "<group>";
		};
		4D97294B2AE7B6C900054802 /* Main */ = {
			isa = PBXGroup;
			children = (
				4D3471442ADE773600EBB709 /* HomeView.swift */,
				4D9DB9552AF771290065FCE2 /* MainPamphlet.swift */,
				4DF8D3F52AE7BD4500ABD4C0 /* CountrySecView.swift */,
			);
			path = Main;
			sourceTree = "<group>";
		};
		4D97294E2AE7B70A00054802 /* My */ = {
			isa = PBXGroup;
			children = (
				4D97294F2AE7B71700054802 /* MypageView.swift */,
				4D125E572AF11DB70033C9B6 /* login */,
			);
			path = My;
			sourceTree = "<group>";
		};
		4D9729512AE7B72700054802 /* Travelcourse */ = {
			isa = PBXGroup;
			children = (
				4D9729522AE7B74E00054802 /* TravelcourseView.swift */,
				4D4459602AF0EB9A0050F3E2 /* ActivityView.swift */,
				4D4459622AF0EBA30050F3E2 /* HealingView.swift */,
				4D4459642AF0EBB00050F3E2 /* LowmoneyView.swift */,
				4D4459662AF0EBBF0050F3E2 /* PhotozoneView.swift */,
			);
			path = Travelcourse;
			sourceTree = "<group>";
		};
/* End PBXGroup section */

/* Begin PBXNativeTarget section */
		4D644B752ADE731800C71CA8 /* stay */ = {
			isa = PBXNativeTarget;
			buildConfigurationList = 4D644B842ADE731900C71CA8 /* Build configuration list for PBXNativeTarget "stay" */;
			buildPhases = (
				4D644B722ADE731800C71CA8 /* Sources */,
				4D644B732ADE731800C71CA8 /* Frameworks */,
				4D644B742ADE731800C71CA8 /* Resources */,
			);
			buildRules = (
			);
			dependencies = (
			);
			name = stay;
			packageProductDependencies = (
				4D4459692AF112FC0050F3E2 /* Alamofire */,
			);
			productName = stay;
			productReference = 4D644B762ADE731900C71CA8 /* stay.app */;
			productType = "com.apple.product-type.application";
		};
/* End PBXNativeTarget section */

/* Begin PBXProject section */
		4D644B6E2ADE731800C71CA8 /* Project object */ = {
			isa = PBXProject;
			attributes = {
				BuildIndependentTargetsInParallel = 1;
				LastSwiftUpdateCheck = 1500;
				LastUpgradeCheck = 1500;
				TargetAttributes = {
					4D644B752ADE731800C71CA8 = {
						CreatedOnToolsVersion = 15.0;
					};
				};
			};
			buildConfigurationList = 4D644B712ADE731800C71CA8 /* Build configuration list for PBXProject "stay" */;
			compatibilityVersion = "Xcode 14.0";
			developmentRegion = en;
			hasScannedForEncodings = 0;
			knownRegions = (
				en,
				Base,
			);
			mainGroup = 4D644B6D2ADE731800C71CA8;
			packageReferences = (
				4D4459682AF112FC0050F3E2 /* XCRemoteSwiftPackageReference "Alamofire" */,
			);
			productRefGroup = 4D644B772ADE731900C71CA8 /* Products */;
			projectDirPath = "";
			projectRoot = "";
			targets = (
				4D644B752ADE731800C71CA8 /* stay */,
			);
		};
/* End PBXProject section */

/* Begin PBXResourcesBuildPhase section */
		4D644B742ADE731800C71CA8 /* Resources */ = {
			isa = PBXResourcesBuildPhase;
			buildActionMask = 2147483647;
			files = (
				4D644B812ADE731900C71CA8 /* Preview Assets.xcassets in Resources */,
				4D644B7E2ADE731900C71CA8 /* Assets.xcassets in Resources */,
			);
			runOnlyForDeploymentPostprocessing = 0;
		};
/* End PBXResourcesBuildPhase section */

/* Begin PBXSourcesBuildPhase section */
		4D644B722ADE731800C71CA8 /* Sources */ = {
			isa = PBXSourcesBuildPhase;
			buildActionMask = 2147483647;
			files = (
				4D3471452ADE773600EBB709 /* HomeView.swift in Sources */,
				4DF8D3F62AE7BD4500ABD4C0 /* CountrySecView.swift in Sources */,
				4D125E592AF11DCB0033C9B6 /* loginView.swift in Sources */,
				4D9729532AE7B74E00054802 /* TravelcourseView.swift in Sources */,
				4D9729502AE7B71700054802 /* MypageView.swift in Sources */,
				4D19DDEC2AE242AC004CFA2F /* todayweatherone.swift in Sources */,
				4D4459612AF0EB9A0050F3E2 /* ActivityView.swift in Sources */,
				4D34714D2ADEA5CD00EBB709 /* gpsweatherView.swift in Sources */,
				4D125E5B2AF11DE60033C9B6 /* signinView.swift in Sources */,
				4D3471542ADEA73700EBB709 /* todayweatherView.swift in Sources */,
				4D4459632AF0EBA30050F3E2 /* HealingView.swift in Sources */,
				4D4459652AF0EBB00050F3E2 /* LowmoneyView.swift in Sources */,
				4D644B7C2ADE731900C71CA8 /* ContentView.swift in Sources */,
				4D9DB9562AF771290065FCE2 /* MainPamphlet.swift in Sources */,
				4D19DDEF2AE2435E004CFA2F /* weekweatherone.swift in Sources */,
				4D3471502ADEA62F00EBB709 /* searchView.swift in Sources */,
				4D3471492ADE9CE000EBB709 /* Weather View.swift in Sources */,
				4D3471562ADEAB0400EBB709 /* weekweatherView.swift in Sources */,
				4D4459672AF0EBBF0050F3E2 /* PhotozoneView.swift in Sources */,
				4D644B7A2ADE731900C71CA8 /* stayApp.swift in Sources */,
			);
			runOnlyForDeploymentPostprocessing = 0;
		};
/* End PBXSourcesBuildPhase section */

/* Begin XCBuildConfiguration section */
		4D644B822ADE731900C71CA8 /* Debug */ = {
			isa = XCBuildConfiguration;
			buildSettings = {
				ALWAYS_SEARCH_USER_PATHS = NO;
				ASSETCATALOG_COMPILER_GENERATE_SWIFT_ASSET_SYMBOL_EXTENSIONS = YES;
				CLANG_ANALYZER_NONNULL = YES;
				CLANG_ANALYZER_NUMBER_OBJECT_CONVERSION = YES_AGGRESSIVE;
				CLANG_CXX_LANGUAGE_STANDARD = "gnu++20";
				CLANG_ENABLE_MODULES = YES;
				CLANG_ENABLE_OBJC_ARC = YES;
				CLANG_ENABLE_OBJC_WEAK = YES;
				CLANG_WARN_BLOCK_CAPTURE_AUTORELEASING = YES;
				CLANG_WARN_BOOL_CONVERSION = YES;
				CLANG_WARN_COMMA = YES;
				CLANG_WARN_CONSTANT_CONVERSION = YES;
				CLANG_WARN_DEPRECATED_OBJC_IMPLEMENTATIONS = YES;
				CLANG_WARN_DIRECT_OBJC_ISA_USAGE = YES_ERROR;
				CLANG_WARN_DOCUMENTATION_COMMENTS = YES;
				CLANG_WARN_EMPTY_BODY = YES;
				CLANG_WARN_ENUM_CONVERSION = YES;
				CLANG_WARN_INFINITE_RECURSION = YES;
				CLANG_WARN_INT_CONVERSION = YES;
				CLANG_WARN_NON_LITERAL_NULL_CONVERSION = YES;
				CLANG_WARN_OBJC_IMPLICIT_RETAIN_SELF = YES;
				CLANG_WARN_OBJC_LITERAL_CONVERSION = YES;
				CLANG_WARN_OBJC_ROOT_CLASS = YES_ERROR;
				CLANG_WARN_QUOTED_INCLUDE_IN_FRAMEWORK_HEADER = YES;
				CLANG_WARN_RANGE_LOOP_ANALYSIS = YES;
				CLANG_WARN_STRICT_PROTOTYPES = YES;
				CLANG_WARN_SUSPICIOUS_MOVE = YES;
				CLANG_WARN_UNGUARDED_AVAILABILITY = YES_AGGRESSIVE;
				CLANG_WARN_UNREACHABLE_CODE = YES;
				CLANG_WARN__DUPLICATE_METHOD_MATCH = YES;
				COPY_PHASE_STRIP = NO;
				DEBUG_INFORMATION_FORMAT = dwarf;
				ENABLE_STRICT_OBJC_MSGSEND = YES;
				ENABLE_TESTABILITY = YES;
				ENABLE_USER_SCRIPT_SANDBOXING = YES;
				GCC_C_LANGUAGE_STANDARD = gnu17;
				GCC_DYNAMIC_NO_PIC = NO;
				GCC_NO_COMMON_BLOCKS = YES;
				GCC_OPTIMIZATION_LEVEL = 0;
				GCC_PREPROCESSOR_DEFINITIONS = (
					"DEBUG=1",
					"$(inherited)",
				);
				GCC_WARN_64_TO_32_BIT_CONVERSION = YES;
				GCC_WARN_ABOUT_RETURN_TYPE = YES_ERROR;
				GCC_WARN_UNDECLARED_SELECTOR = YES;
				GCC_WARN_UNINITIALIZED_AUTOS = YES_AGGRESSIVE;
				GCC_WARN_UNUSED_FUNCTION = YES;
				GCC_WARN_UNUSED_VARIABLE = YES;
				IPHONEOS_DEPLOYMENT_TARGET = 17.0;
				LOCALIZATION_PREFERS_STRING_CATALOGS = YES;
				MTL_ENABLE_DEBUG_INFO = INCLUDE_SOURCE;
				MTL_FAST_MATH = YES;
				ONLY_ACTIVE_ARCH = YES;
				SDKROOT = iphoneos;
				SWIFT_ACTIVE_COMPILATION_CONDITIONS = "DEBUG $(inherited)";
				SWIFT_OPTIMIZATION_LEVEL = "-Onone";
			};
			name = Debug;
		};
		4D644B832ADE731900C71CA8 /* Release */ = {
			isa = XCBuildConfiguration;
			buildSettings = {
				ALWAYS_SEARCH_USER_PATHS = NO;
				ASSETCATALOG_COMPILER_GENERATE_SWIFT_ASSET_SYMBOL_EXTENSIONS = YES;
				CLANG_ANALYZER_NONNULL = YES;
				CLANG_ANALYZER_NUMBER_OBJECT_CONVERSION = YES_AGGRESSIVE;
				CLANG_CXX_LANGUAGE_STANDARD = "gnu++20";
				CLANG_ENABLE_MODULES = YES;
				CLANG_ENABLE_OBJC_ARC = YES;
				CLANG_ENABLE_OBJC_WEAK = YES;
				CLANG_WARN_BLOCK_CAPTURE_AUTORELEASING = YES;
				CLANG_WARN_BOOL_CONVERSION = YES;
				CLANG_WARN_COMMA = YES;
				CLANG_WARN_CONSTANT_CONVERSION = YES;
				CLANG_WARN_DEPRECATED_OBJC_IMPLEMENTATIONS = YES;
				CLANG_WARN_DIRECT_OBJC_ISA_USAGE = YES_ERROR;
				CLANG_WARN_DOCUMENTATION_COMMENTS = YES;
				CLANG_WARN_EMPTY_BODY = YES;
				CLANG_WARN_ENUM_CONVERSION = YES;
				CLANG_WARN_INFINITE_RECURSION = YES;
				CLANG_WARN_INT_CONVERSION = YES;
				CLANG_WARN_NON_LITERAL_NULL_CONVERSION = YES;
				CLANG_WARN_OBJC_IMPLICIT_RETAIN_SELF = YES;
				CLANG_WARN_OBJC_LITERAL_CONVERSION = YES;
				CLANG_WARN_OBJC_ROOT_CLASS = YES_ERROR;
				CLANG_WARN_QUOTED_INCLUDE_IN_FRAMEWORK_HEADER = YES;
				CLANG_WARN_RANGE_LOOP_ANALYSIS = YES;
				CLANG_WARN_STRICT_PROTOTYPES = YES;
				CLANG_WARN_SUSPICIOUS_MOVE = YES;
				CLANG_WARN_UNGUARDED_AVAILABILITY = YES_AGGRESSIVE;
				CLANG_WARN_UNREACHABLE_CODE = YES;
				CLANG_WARN__DUPLICATE_METHOD_MATCH = YES;
				COPY_PHASE_STRIP = NO;
				DEBUG_INFORMATION_FORMAT = "dwarf-with-dsym";
				ENABLE_NS_ASSERTIONS = NO;
				ENABLE_STRICT_OBJC_MSGSEND = YES;
				ENABLE_USER_SCRIPT_SANDBOXING = YES;
				GCC_C_LANGUAGE_STANDARD = gnu17;
				GCC_NO_COMMON_BLOCKS = YES;
				GCC_WARN_64_TO_32_BIT_CONVERSION = YES;
				GCC_WARN_ABOUT_RETURN_TYPE = YES_ERROR;
				GCC_WARN_UNDECLARED_SELECTOR = YES;
				GCC_WARN_UNINITIALIZED_AUTOS = YES_AGGRESSIVE;
				GCC_WARN_UNUSED_FUNCTION = YES;
				GCC_WARN_UNUSED_VARIABLE = YES;
				IPHONEOS_DEPLOYMENT_TARGET = 17.0;
				LOCALIZATION_PREFERS_STRING_CATALOGS = YES;
				MTL_ENABLE_DEBUG_INFO = NO;
				MTL_FAST_MATH = YES;
				SDKROOT = iphoneos;
				SWIFT_COMPILATION_MODE = wholemodule;
				VALIDATE_PRODUCT = YES;
			};
			name = Release;
		};
		4D644B852ADE731900C71CA8 /* Debug */ = {
			isa = XCBuildConfiguration;
			buildSettings = {
				ASSETCATALOG_COMPILER_APPICON_NAME = AppIcon;
				ASSETCATALOG_COMPILER_GLOBAL_ACCENT_COLOR_NAME = AccentColor;
				CODE_SIGN_STYLE = Automatic;
				CURRENT_PROJECT_VERSION = 1;
				DEVELOPMENT_ASSET_PATHS = "\"stay/Preview Content\"";
				ENABLE_PREVIEWS = YES;
				GENERATE_INFOPLIST_FILE = YES;
				INFOPLIST_KEY_UIApplicationSceneManifest_Generation = YES;
				INFOPLIST_KEY_UIApplicationSupportsIndirectInputEvents = YES;
				INFOPLIST_KEY_UILaunchScreen_Generation = YES;
				INFOPLIST_KEY_UISupportedInterfaceOrientations_iPad = "UIInterfaceOrientationPortrait UIInterfaceOrientationPortraitUpsideDown UIInterfaceOrientationLandscapeLeft UIInterfaceOrientationLandscapeRight";
				INFOPLIST_KEY_UISupportedInterfaceOrientations_iPhone = "UIInterfaceOrientationPortrait UIInterfaceOrientationLandscapeLeft UIInterfaceOrientationLandscapeRight";
				LD_RUNPATH_SEARCH_PATHS = (
					"$(inherited)",
					"@executable_path/Frameworks",
				);
				MARKETING_VERSION = 1.0;
				PRODUCT_BUNDLE_IDENTIFIER = stay.stay;
				PRODUCT_NAME = "$(TARGET_NAME)";
				SWIFT_EMIT_LOC_STRINGS = YES;
				SWIFT_VERSION = 5.0;
				TARGETED_DEVICE_FAMILY = "1,2";
			};
			name = Debug;
		};
		4D644B862ADE731900C71CA8 /* Release */ = {
			isa = XCBuildConfiguration;
			buildSettings = {
				ASSETCATALOG_COMPILER_APPICON_NAME = AppIcon;
				ASSETCATALOG_COMPILER_GLOBAL_ACCENT_COLOR_NAME = AccentColor;
				CODE_SIGN_STYLE = Automatic;
				CURRENT_PROJECT_VERSION = 1;
				DEVELOPMENT_ASSET_PATHS = "\"stay/Preview Content\"";
				ENABLE_PREVIEWS = YES;
				GENERATE_INFOPLIST_FILE = YES;
				INFOPLIST_KEY_UIApplicationSceneManifest_Generation = YES;
				INFOPLIST_KEY_UIApplicationSupportsIndirectInputEvents = YES;
				INFOPLIST_KEY_UILaunchScreen_Generation = YES;
				INFOPLIST_KEY_UISupportedInterfaceOrientations_iPad = "UIInterfaceOrientationPortrait UIInterfaceOrientationPortraitUpsideDown UIInterfaceOrientationLandscapeLeft UIInterfaceOrientationLandscapeRight";
				INFOPLIST_KEY_UISupportedInterfaceOrientations_iPhone = "UIInterfaceOrientationPortrait UIInterfaceOrientationLandscapeLeft UIInterfaceOrientationLandscapeRight";
				LD_RUNPATH_SEARCH_PATHS = (
					"$(inherited)",
					"@executable_path/Frameworks",
				);
				MARKETING_VERSION = 1.0;
				PRODUCT_BUNDLE_IDENTIFIER = stay.stay;
				PRODUCT_NAME = "$(TARGET_NAME)";
				SWIFT_EMIT_LOC_STRINGS = YES;
				SWIFT_VERSION = 5.0;
				TARGETED_DEVICE_FAMILY = "1,2";
			};
			name = Release;
		};
/* End XCBuildConfiguration section */

/* Begin XCConfigurationList section */
		4D644B712ADE731800C71CA8 /* Build configuration list for PBXProject "stay" */ = {
			isa = XCConfigurationList;
			buildConfigurations = (
				4D644B822ADE731900C71CA8 /* Debug */,
				4D644B832ADE731900C71CA8 /* Release */,
			);
			defaultConfigurationIsVisible = 0;
			defaultConfigurationName = Release;
		};
		4D644B842ADE731900C71CA8 /* Build configuration list for PBXNativeTarget "stay" */ = {
			isa = XCConfigurationList;
			buildConfigurations = (
				4D644B852ADE731900C71CA8 /* Debug */,
				4D644B862ADE731900C71CA8 /* Release */,
			);
			defaultConfigurationIsVisible = 0;
			defaultConfigurationName = Release;
		};
/* End XCConfigurationList section */

/* Begin XCRemoteSwiftPackageReference section */
		4D4459682AF112FC0050F3E2 /* XCRemoteSwiftPackageReference "Alamofire" */ = {
			isa = XCRemoteSwiftPackageReference;
			repositoryURL = "https://github.com/Alamofire/Alamofire";
			requirement = {
				kind = upToNextMajorVersion;
				minimumVersion = 5.8.1;
			};
		};
/* End XCRemoteSwiftPackageReference section */

/* Begin XCSwiftPackageProductDependency section */
		4D4459692AF112FC0050F3E2 /* Alamofire */ = {
			isa = XCSwiftPackageProductDependency;
			package = 4D4459682AF112FC0050F3E2 /* XCRemoteSwiftPackageReference "Alamofire" */;
			productName = Alamofire;
		};
/* End XCSwiftPackageProductDependency section */
	};
	rootObject = 4D644B6E2ADE731800C71CA8 /* Project object */;
}
